{
  "name": "backend",
  "version": "1.0.0",
  "lockfileVersion": 1,
  "requires": true,
  "dependencies": {
    "chess": {
      "version": "0.3.3",
      "resolved": "https://registry.npmjs.org/chess/-/chess-0.3.3.tgz",
      "integrity": "sha512-RJcNpyOGmuMcitjGKi7Ry43vxiUd/ZXF7NP9aw8mYHXR+9l3Dfay5bu2wktQ09Nf1uZ2jORyM6m+ZYkjKdq9dQ=="
    }
  }
}
